
Microsoft Visual Studio Solution File, Format Version 12.00
# Visual Studio Version 17
VisualStudioVersion = 17.4.33122.133
MinimumVisualStudioVersion = 10.0.40219.1
Project("{FAE04EC0-301F-11D3-BF4B-00C04F79EFBC}") = "EduCentruApp", "WpfApp1\EduCentruApp.csproj", "{9432971C-51D9-47D4-B626-64D0B1941EB4}"
EndProject
Global
	GlobalSection(SolutionConfigurationPlatforms) = preSolution
		Debug|Any CPU = Debug|Any CPU
		Release|Any CPU = Release|Any CPU
	EndGlobalSection
	GlobalSection(ProjectConfigurationPlatforms) = postSolution
		{9432971C-51D9-47D4-B626-64D0B1941EB4}.Debug|Any CPU.ActiveCfg = Debug|Any CPU
		{9432971C-51D9-47D4-B626-64D0B1941EB4}.Debug|Any CPU.Build.0 = Debug|Any CPU
		{9432971C-51D9-47D4-B626-64D0B1941EB4}.Release|Any CPU.ActiveCfg = Release|Any CPU
		{9432971C-51D9-47D4-B626-64D0B1941EB4}.Release|Any CPU.Build.0 = Release|Any CPU
	EndGlobalSection
	GlobalSection(SolutionProperties) = preSolution
		HideSolutionNode = FALSE
	EndGlobalSection
	GlobalSection(ExtensibilityGlobals) = postSolution
		SolutionGuid = {4B9DD291-F5A7-4BBA-8DF7-6B331D390B39}
	EndGlobalSection
EndGlobal
